// !$*UTF8*$!
{
	archiveVersion = 1;
	classes = {
	};
	objectVersion = 77;
	objects = {

/* Begin PBXBuildFile section */
		5FD9669C2F950EFB004D42EF /* HotKey in Frameworks */ = {isa = PBXBuildFile; productRef = AA200020300000000000AAAA /* HotKey */; };
		5FD9678B2F95345C004D42EF /* WhisperKit in Frameworks */ = {isa = PBXBuildFile; productRef = 5FD9678A2F95345C004D42EF /* WhisperKit */; };
		5FD96A002F958FE6004D42EF /* WidgetKit.framework in Frameworks */ = {isa = PBXBuildFile; fileRef = 5FD969FF2F958FE6004D42EF /* WidgetKit.framework */; };
		5FD96A022F958FE6004D42EF /* SwiftUI.framework in Frameworks */ = {isa = PBXBuildFile; fileRef = 5FD96A012F958FE6004D42EF /* SwiftUI.framework */; };
		5FD96A0F2F958FE7004D42EF /* SkynetWidgetExtensionExtension.appex in Embed Foundation Extensions */ = {isa = PBXBuildFile; fileRef = 5FD969FE2F958FE6004D42EF /* SkynetWidgetExtensionExtension.appex */; settings = {ATTRIBUTES = (RemoveHeadersOnCopy, ); }; };
/* End PBXBuildFile section */

/* Begin PBXContainerItemProxy section */
		5FD96A0D2F958FE7004D42EF /* PBXContainerItemProxy */ = {
			isa = PBXContainerItemProxy;
			containerPortal = AA200009300000000000AAAA /* Project object */;
			proxyType = 1;
			remoteGlobalIDString = 5FD969FD2F958FE6004D42EF;
			remoteInfo = SkynetWidgetExtensionExtension;
		};
		AA200107300000000000AAAA /* PBXContainerItemProxy */ = {
			isa = PBXContainerItemProxy;
			containerPortal = AA200009300000000000AAAA /* Project object */;
			proxyType = 1;
			remoteGlobalIDString = AA200006300000000000AAAA;
			remoteInfo = Skynet;
		};
/* End PBXContainerItemProxy section */

/* Begin PBXCopyFilesBuildPhase section */
		5FD96A142F958FE7004D42EF /* Embed Foundation Extensions */ = {
			isa = PBXCopyFilesBuildPhase;
			buildActionMask = 2147483647;
			dstPath = "";
			dstSubfolderSpec = 13;
			files = (
				5FD96A0F2F958FE7004D42EF /* SkynetWidgetExtensionExtension.appex in Embed Foundation Extensions */,
			);
			name = "Embed Foundation Extensions";
			runOnlyForDeploymentPostprocessing = 0;
		};
/* End PBXCopyFilesBuildPhase section */

/* Begin PBXFileReference section */
		5FD969FE2F958FE6004D42EF /* SkynetWidgetExtensionExtension.appex */ = {isa = PBXFileReference; explicitFileType = "wrapper.app-extension"; includeInIndex = 0; path = SkynetWidgetExtensionExtension.appex; sourceTree = BUILT_PRODUCTS_DIR; };
		5FD969FF2F958FE6004D42EF /* WidgetKit.framework */ = {isa = PBXFileReference; lastKnownFileType = wrapper.framework; name = WidgetKit.framework; path = System/Library/Frameworks/WidgetKit.framework; sourceTree = SDKROOT; };
		5FD96A012F958FE6004D42EF /* SwiftUI.framework */ = {isa = PBXFileReference; lastKnownFileType = wrapper.framework; name = SwiftUI.framework; path = System/Library/Frameworks/SwiftUI.framework; sourceTree = SDKROOT; };
		AA200001300000000000AAAA /* Skynet.app */ = {isa = PBXFileReference; explicitFileType = wrapper.application; includeInIndex = 0; path = Skynet.app; sourceTree = BUILT_PRODUCTS_DIR; };
		AA200101300000000000AAAA /* SkynetTests.xctest */ = {isa = PBXFileReference; explicitFileType = wrapper.cfbundle; includeInIndex = 0; path = SkynetTests.xctest; sourceTree = BUILT_PRODUCTS_DIR; };
/* End PBXFileReference section */

/* Begin PBXFileSystemSynchronizedBuildFileExceptionSet section */
		5FD96A102F958FE7004D42EF /* Exceptions for "SkynetWidgetExtension" folder in "SkynetWidgetExtensionExtension" target */ = {
			isa = PBXFileSystemSynchronizedBuildFileExceptionSet;
			membershipExceptions = (
				Info.plist,
			);
			target = 5FD969FD2F958FE6004D42EF /* SkynetWidgetExtensionExtension */;
		};
		5FD96A212F9590BD004D42EF /* Exceptions for "Skynet" folder in "SkynetWidgetExtensionExtension" target */ = {
			isa = PBXFileSystemSynchronizedBuildFileExceptionSet;
			membershipExceptions = (
				Services/WidgetSnapshot.swift,
			);
			target = 5FD969FD2F958FE6004D42EF /* SkynetWidgetExtensionExtension */;
		};
		AA200007300000000000AAAA /* Exceptions for "Skynet" folder in "Skynet" target */ = {
			isa = PBXFileSystemSynchronizedBuildFileExceptionSet;
			membershipExceptions = (
				Resources/Info.plist,
			);
			target = AA200006300000000000AAAA /* Skynet */;
		};
/* End PBXFileSystemSynchronizedBuildFileExceptionSet section */

/* Begin PBXFileSystemSynchronizedRootGroup section */
		5FD96A032F958FE6004D42EF /* SkynetWidgetExtension */ = {
			isa = PBXFileSystemSynchronizedRootGroup;
			exceptions = (
				5FD96A102F958FE7004D42EF /* Exceptions for "SkynetWidgetExtension" folder in "SkynetWidgetExtensionExtension" target */,
			);
			path = SkynetWidgetExtension;
			sourceTree = "<group>";
		};
		AA200002300000000000AAAA /* Skynet */ = {
			isa = PBXFileSystemSynchronizedRootGroup;
			exceptions = (
				5FD96A212F9590BD004D42EF /* Exceptions for "Skynet" folder in "SkynetWidgetExtensionExtension" target */,
				AA200007300000000000AAAA /* Exceptions for "Skynet" folder in "Skynet" target */,
			);
			path = Skynet;
			sourceTree = "<group>";
		};
		AA200102300000000000AAAA /* SkynetTests */ = {
			isa = PBXFileSystemSynchronizedRootGroup;
			path = SkynetTests;
			sourceTree = "<group>";
		};
/* End PBXFileSystemSynchronizedRootGroup section */

/* Begin PBXFrameworksBuildPhase section */
		5FD969FB2F958FE6004D42EF /* Frameworks */ = {
			isa = PBXFrameworksBuildPhase;
			buildActionMask = 2147483647;
			files = (
				5FD96A022F958FE6004D42EF /* SwiftUI.framework in Frameworks */,
				5FD96A002F958FE6004D42EF /* WidgetKit.framework in Frameworks */,
			);
			runOnlyForDeploymentPostprocessing = 0;
		};
		AA200003300000000000AAAA /* Frameworks */ = {
			isa = PBXFrameworksBuildPhase;
			buildActionMask = 2147483647;
			files = (
				5FD9678B2F95345C004D42EF /* WhisperKit in Frameworks */,
				5FD9669C2F950EFB004D42EF /* HotKey in Frameworks */,
			);
			runOnlyForDeploymentPostprocessing = 0;
		};
		AA200105300000000000AAAA /* Frameworks */ = {
			isa = PBXFrameworksBuildPhase;
			buildActionMask = 2147483647;
			files = (
			);
			runOnlyForDeploymentPostprocessing = 0;
		};
/* End PBXFrameworksBuildPhase section */

/* Begin PBXGroup section */
		5FD967892F95345B004D42EF /* Frameworks */ = {
			isa = PBXGroup;
			children = (
				5FD969FF2F958FE6004D42EF /* WidgetKit.framework */,
				5FD96A012F958FE6004D42EF /* SwiftUI.framework */,
			);
			name = Frameworks;
			sourceTree = "<group>";
		};
		AA200004300000000000AAAA = {
			isa = PBXGroup;
			children = (
				AA200002300000000000AAAA /* Skynet */,
				AA200102300000000000AAAA /* SkynetTests */,
				5FD96A032F958FE6004D42EF /* SkynetWidgetExtension */,
				5FD967892F95345B004D42EF /* Frameworks */,
				AA200005300000000000AAAA /* Products */,
			);
			sourceTree = "<group>";
		};
		AA200005300000000000AAAA /* Products */ = {
			isa = PBXGroup;
			children = (
				AA200001300000000000AAAA /* Skynet.app */,
				AA200101300000000000AAAA /* SkynetTests.xctest */,
				5FD969FE2F958FE6004D42EF /* SkynetWidgetExtensionExtension.appex */,
			);
			name = Products;
			sourceTree = "<group>";
		};
/* End PBXGroup section */

/* Begin PBXNativeTarget section */
		5FD969FD2F958FE6004D42EF /* SkynetWidgetExtensionExtension */ = {
			isa = PBXNativeTarget;
			buildConfigurationList = 5FD96A112F958FE7004D42EF /* Build configuration list for PBXNativeTarget "SkynetWidgetExtensionExtension" */;
			buildPhases = (
				5FD969FA2F958FE6004D42EF /* Sources */,
				5FD969FB2F958FE6004D42EF /* Frameworks */,
				5FD969FC2F958FE6004D42EF /* Resources */,
			);
			buildRules = (
			);
			dependencies = (
			);
			fileSystemSynchronizedGroups = (
				5FD96A032F958FE6004D42EF /* SkynetWidgetExtension */,
			);
			name = SkynetWidgetExtensionExtension;
			packageProductDependencies = (
			);
			productName = SkynetWidgetExtensionExtension;
			productReference = 5FD969FE2F958FE6004D42EF /* SkynetWidgetExtensionExtension.appex */;
			productType = "com.apple.product-type.app-extension";
		};
		AA200006300000000000AAAA /* Skynet */ = {
			isa = PBXNativeTarget;
			buildConfigurationList = AA200010300000000000AAAA /* Build configuration list for PBXNativeTarget "Skynet" */;
			buildPhases = (
				AA200007300000000000AAAA /* Sources */,
				AA200003300000000000AAAA /* Frameworks */,
				AA200008300000000000AAAA /* Resources */,
				5FD96A142F958FE7004D42EF /* Embed Foundation Extensions */,
			);
			buildRules = (
			);
			dependencies = (
				5FD96A0E2F958FE7004D42EF /* PBXTargetDependency */,
			);
			fileSystemSynchronizedGroups = (
				AA200002300000000000AAAA /* Skynet */,
			);
			name = Skynet;
			packageProductDependencies = (
				AA200020300000000000AAAA /* HotKey */,
				5FD9678A2F95345C004D42EF /* WhisperKit */,
			);
			productName = Skynet;
			productReference = AA200001300000000000AAAA /* Skynet.app */;
			productType = "com.apple.product-type.application";
		};
		AA200103300000000000AAAA /* SkynetTests */ = {
			isa = PBXNativeTarget;
			buildConfigurationList = AA20010B300000000000AAAA /* Build configuration list for PBXNativeTarget "SkynetTests" */;
			buildPhases = (
				AA200104300000000000AAAA /* Sources */,
				AA200105300000000000AAAA /* Frameworks */,
				AA200106300000000000AAAA /* Resources */,
			);
			buildRules = (
			);
			dependencies = (
				AA200108300000000000AAAA /* PBXTargetDependency */,
			);
			fileSystemSynchronizedGroups = (
				AA200102300000000000AAAA /* SkynetTests */,
			);
			name = SkynetTests;
			packageProductDependencies = (
			);
			productName = SkynetTests;
			productReference = AA200101300000000000AAAA /* SkynetTests.xctest */;
			productType = "com.apple.product-type.bundle.unit-test";
		};
/* End PBXNativeTarget section */

/* Begin PBXProject section */
		AA200009300000000000AAAA /* Project object */ = {
			isa = PBXProject;
			attributes = {
				BuildIndependentTargetsInParallel = 1;
				LastSwiftUpdateCheck = 2640;
				LastUpgradeCheck = 2640;
				TargetAttributes = {
					5FD969FD2F958FE6004D42EF = {
						CreatedOnToolsVersion = 26.4.1;
					};
					AA200006300000000000AAAA = {
						CreatedOnToolsVersion = 26.4;
					};
					AA200103300000000000AAAA = {
						CreatedOnToolsVersion = 26.4;
						TestTargetID = AA200006300000000000AAAA;
					};
				};
			};
			buildConfigurationList = AA20000A300000000000AAAA /* Build configuration list for PBXProject "Skynet" */;
			developmentRegion = en;
			hasScannedForEncodings = 0;
			knownRegions = (
				en,
				Base,
			);
			mainGroup = AA200004300000000000AAAA;
			minimizedProjectReferenceProxies = 1;
			packageReferences = (
				AA20001F300000000000AAAA /* XCRemoteSwiftPackageReference "HotKey" */,
				5FD967882F95320C004D42EF /* XCRemoteSwiftPackageReference "WhisperKit" */,
			);
			preferredProjectObjectVersion = 77;
			productRefGroup = AA200005300000000000AAAA /* Products */;
			projectDirPath = "";
			projectRoot = "";
			targets = (
				AA200006300000000000AAAA /* Skynet */,
				AA200103300000000000AAAA /* SkynetTests */,
				5FD969FD2F958FE6004D42EF /* SkynetWidgetExtensionExtension */,
			);
		};
/* End PBXProject section */

/* Begin PBXResourcesBuildPhase section */
		5FD969FC2F958FE6004D42EF /* Resources */ = {
			isa = PBXResourcesBuildPhase;
			buildActionMask = 2147483647;
			files = (
			);
			runOnlyForDeploymentPostprocessing = 0;
		};
		AA200008300000000000AAAA /* Resources */ = {
			isa = PBXResourcesBuildPhase;
			buildActionMask = 2147483647;
			files = (
			);
			runOnlyForDeploymentPostprocessing = 0;
		};
		AA200106300000000000AAAA /* Resources */ = {
			isa = PBXResourcesBuildPhase;
			buildActionMask = 2147483647;
			files = (
			);
			runOnlyForDeploymentPostprocessing = 0;
		};
/* End PBXResourcesBuildPhase section */

/* Begin PBXSourcesBuildPhase section */
		5FD969FA2F958FE6004D42EF /* Sources */ = {
			isa = PBXSourcesBuildPhase;
			buildActionMask = 2147483647;
			files = (
			);
			runOnlyForDeploymentPostprocessing = 0;
		};
		AA200007300000000000AAAA /* Sources */ = {
			isa = PBXSourcesBuildPhase;
			buildActionMask = 2147483647;
			files = (
			);
			runOnlyForDeploymentPostprocessing = 0;
		};
		AA200104300000000000AAAA /* Sources */ = {
			isa = PBXSourcesBuildPhase;
			buildActionMask = 2147483647;
			files = (
			);
			runOnlyForDeploymentPostprocessing = 0;
		};
/* End PBXSourcesBuildPhase section */

/* Begin PBXTargetDependency section */
		5FD96A0E2F958FE7004D42EF /* PBXTargetDependency */ = {
			isa = PBXTargetDependency;
			target = 5FD969FD2F958FE6004D42EF /* SkynetWidgetExtensionExtension */;
			targetProxy = 5FD96A0D2F958FE7004D42EF /* PBXContainerItemProxy */;
		};
		AA200108300000000000AAAA /* PBXTargetDependency */ = {
			isa = PBXTargetDependency;
			target = AA200006300000000000AAAA /* Skynet */;
			targetProxy = AA200107300000000000AAAA /* PBXContainerItemProxy */;
		};
/* End PBXTargetDependency section */

/* Begin XCBuildConfiguration section */
		5FD96A122F958FE7004D42EF /* Debug */ = {
			isa = XCBuildConfiguration;
			buildSettings = {
				ASSETCATALOG_COMPILER_GLOBAL_ACCENT_COLOR_NAME = AccentColor;
				ASSETCATALOG_COMPILER_WIDGET_BACKGROUND_COLOR_NAME = WidgetBackground;
				CODE_SIGN_ENTITLEMENTS = SkynetWidgetExtension/SkynetWidgetExtension.entitlements;
				CODE_SIGN_STYLE = Automatic;
				CURRENT_PROJECT_VERSION = 1;
				DEVELOPMENT_TEAM = HWXJKHR66N;
				ENABLE_APP_SANDBOX = YES;
				ENABLE_HARDENED_RUNTIME = YES;
				GENERATE_INFOPLIST_FILE = YES;
				INFOPLIST_FILE = SkynetWidgetExtension/Info.plist;
				INFOPLIST_KEY_CFBundleDisplayName = SkynetWidgetExtension;
				INFOPLIST_KEY_NSHumanReadableCopyright = "";
				LD_RUNPATH_SEARCH_PATHS = (
					"$(inherited)",
					"@executable_path/../Frameworks",
					"@executable_path/../../../../Frameworks",
				);
				MACOSX_DEPLOYMENT_TARGET = 26.3;
				MARKETING_VERSION = 1.0;
				PRODUCT_BUNDLE_IDENTIFIER = pavi.Skynet.SkynetWidgetExtension;
				PRODUCT_NAME = "$(TARGET_NAME)";
				SKIP_INSTALL = YES;
				STRING_CATALOG_GENERATE_SYMBOLS = YES;
				SWIFT_APPROACHABLE_CONCURRENCY = YES;
				SWIFT_EMIT_LOC_STRINGS = YES;
				SWIFT_UPCOMING_FEATURE_MEMBER_IMPORT_VISIBILITY = YES;
				SWIFT_VERSION = 5.0;
			};
			name = Debug;
		};
		5FD96A132F958FE7004D42EF /* Release */ = {
			isa = XCBuildConfiguration;
			buildSettings = {
				ASSETCATALOG_COMPILER_GLOBAL_ACCENT_COLOR_NAME = AccentColor;
				ASSETCATALOG_COMPILER_WIDGET_BACKGROUND_COLOR_NAME = WidgetBackground;
				CODE_SIGN_ENTITLEMENTS = SkynetWidgetExtension/SkynetWidgetExtension.entitlements;
				CODE_SIGN_STYLE = Automatic;
				CURRENT_PROJECT_VERSION = 1;
				DEVELOPMENT_TEAM = HWXJKHR66N;
				ENABLE_APP_SANDBOX = YES;
				ENABLE_HARDENED_RUNTIME = YES;
				GENERATE_INFOPLIST_FILE = YES;
				INFOPLIST_FILE = SkynetWidgetExtension/Info.plist;
				INFOPLIST_KEY_CFBundleDisplayName = SkynetWidgetExtension;
				INFOPLIST_KEY_NSHumanReadableCopyright = "";
				LD_RUNPATH_SEARCH_PATHS = (
					"$(inherited)",
					"@executable_path/../Frameworks",
					"@executable_path/../../../../Frameworks",
				);
				MACOSX_DEPLOYMENT_TARGET = 26.3;
				MARKETING_VERSION = 1.0;
				PRODUCT_BUNDLE_IDENTIFIER = pavi.Skynet.SkynetWidgetExtension;
				PRODUCT_NAME = "$(TARGET_NAME)";
				SKIP_INSTALL = YES;
				STRING_CATALOG_GENERATE_SYMBOLS = YES;
				SWIFT_APPROACHABLE_CONCURRENCY = YES;
				SWIFT_EMIT_LOC_STRINGS = YES;
				SWIFT_UPCOMING_FEATURE_MEMBER_IMPORT_VISIBILITY = YES;
				SWIFT_VERSION = 5.0;
			};
			name = Release;
		};
		AA20000B300000000000AAAA /* Debug */ = {
			isa = XCBuildConfiguration;
			buildSettings = {
				ALWAYS_SEARCH_USER_PATHS = NO;
				ASSETCATALOG_COMPILER_GENERATE_SWIFT_ASSET_SYMBOL_EXTENSIONS = YES;
				CLANG_ANALYZER_NONNULL = YES;
				CLANG_ANALYZER_NUMBER_OBJECT_CONVERSION = YES_AGGRESSIVE;
				CLANG_CXX_LANGUAGE_STANDARD = "gnu++20";
				CLANG_ENABLE_MODULES = YES;
				CLANG_ENABLE_OBJC_ARC = YES;
				CLANG_ENABLE_OBJC_WEAK = YES;
				CLANG_WARN_BLOCK_CAPTURE_AUTORELEASING = YES;
				CLANG_WARN_BOOL_CONVERSION = YES;
				CLANG_WARN_COMMA = YES;
				CLANG_WARN_CONSTANT_CONVERSION = YES;
				CLANG_WARN_DEPRECATED_OBJC_IMPLEMENTATIONS = YES;
				CLANG_WARN_DIRECT_OBJC_ISA_USAGE = YES_ERROR;
				CLANG_WARN_DOCUMENTATION_COMMENTS = YES;
				CLANG_WARN_EMPTY_BODY = YES;
				CLANG_WARN_ENUM_CONVERSION = YES;
				CLANG_WARN_INFINITE_RECURSION = YES;
				CLANG_WARN_INT_CONVERSION = YES;
				CLANG_WARN_NON_LITERAL_NULL_CONVERSION = YES;
				CLANG_WARN_OBJC_IMPLICIT_RETAIN_SELF = YES;
				CLANG_WARN_OBJC_LITERAL_CONVERSION = YES;
				CLANG_WARN_OBJC_ROOT_CLASS = YES_ERROR;
				CLANG_WARN_QUOTED_INCLUDE_IN_FRAMEWORK_HEADER = YES;
				CLANG_WARN_RANGE_LOOP_ANALYSIS = YES;
				CLANG_WARN_STRICT_PROTOTYPES = YES;
				CLANG_WARN_SUSPICIOUS_MOVE = YES;
				CLANG_WARN_UNGUARDED_AVAILABILITY = YES_AGGRESSIVE;
				CLANG_WARN_UNREACHABLE_CODE = YES;
				CLANG_WARN__DUPLICATE_METHOD_MATCH = YES;
				COPY_PHASE_STRIP = NO;
				DEBUG_INFORMATION_FORMAT = dwarf;
				ENABLE_STRICT_OBJC_MSGSEND = YES;
				ENABLE_TESTABILITY = YES;
				ENABLE_USER_SCRIPT_SANDBOXING = YES;
				GCC_C_LANGUAGE_STANDARD = gnu17;
				GCC_DYNAMIC_NO_PIC = NO;
				GCC_NO_COMMON_BLOCKS = YES;
				GCC_OPTIMIZATION_LEVEL = 0;
				GCC_PREPROCESSOR_DEFINITIONS = (
					"DEBUG=1",
					"$(inherited)",
				);
				GCC_WARN_64_TO_32_BIT_CONVERSION = YES;
				GCC_WARN_ABOUT_RETURN_TYPE = YES_ERROR;
				GCC_WARN_UNDECLARED_SELECTOR = YES;
				GCC_WARN_UNINITIALIZED_AUTOS = YES_AGGRESSIVE;
				GCC_WARN_UNUSED_FUNCTION = YES;
				GCC_WARN_UNUSED_VARIABLE = YES;
				LOCALIZATION_PREFERS_STRING_CATALOGS = YES;
				MACOSX_DEPLOYMENT_TARGET = 14.0;
				MTL_ENABLE_DEBUG_INFO = INCLUDE_SOURCE;
				MTL_FAST_MATH = YES;
				ONLY_ACTIVE_ARCH = YES;
				SDKROOT = macosx;
				SWIFT_ACTIVE_COMPILATION_CONDITIONS = "DEBUG $(inherited)";
				SWIFT_OPTIMIZATION_LEVEL = "-Onone";
			};
			name = Debug;
		};
		AA20000C300000000000AAAA /* Release */ = {
			isa = XCBuildConfiguration;
			buildSettings = {
				ALWAYS_SEARCH_USER_PATHS = NO;
				ASSETCATALOG_COMPILER_GENERATE_SWIFT_ASSET_SYMBOL_EXTENSIONS = YES;
				CLANG_ANALYZER_NONNULL = YES;
				CLANG_ANALYZER_NUMBER_OBJECT_CONVERSION = YES_AGGRESSIVE;
				CLANG_CXX_LANGUAGE_STANDARD = "gnu++20";
				CLANG_ENABLE_MODULES = YES;
				CLANG_ENABLE_OBJC_ARC = YES;
				CLANG_ENABLE_OBJC_WEAK = YES;
				CLANG_WARN_BLOCK_CAPTURE_AUTORELEASING = YES;
				CLANG_WARN_BOOL_CONVERSION = YES;
				CLANG_WARN_COMMA = YES;
				CLANG_WARN_CONSTANT_CONVERSION = YES;
				CLANG_WARN_DEPRECATED_OBJC_IMPLEMENTATIONS = YES;
				CLANG_WARN_DIRECT_OBJC_ISA_USAGE = YES_ERROR;
				CLANG_WARN_DOCUMENTATION_COMMENTS = YES;
				CLANG_WARN_EMPTY_BODY = YES;
				CLANG_WARN_ENUM_CONVERSION = YES;
				CLANG_WARN_INFINITE_RECURSION = YES;
				CLANG_WARN_INT_CONVERSION = YES;
				CLANG_WARN_NON_LITERAL_NULL_CONVERSION = YES;
				CLANG_WARN_OBJC_IMPLICIT_RETAIN_SELF = YES;
				CLANG_WARN_OBJC_LITERAL_CONVERSION = YES;
				CLANG_WARN_OBJC_ROOT_CLASS = YES_ERROR;
				CLANG_WARN_QUOTED_INCLUDE_IN_FRAMEWORK_HEADER = YES;
				CLANG_WARN_RANGE_LOOP_ANALYSIS = YES;
				CLANG_WARN_STRICT_PROTOTYPES = YES;
				CLANG_WARN_SUSPICIOUS_MOVE = YES;
				CLANG_WARN_UNGUARDED_AVAILABILITY = YES_AGGRESSIVE;
				CLANG_WARN_UNREACHABLE_CODE = YES;
				CLANG_WARN__DUPLICATE_METHOD_MATCH = YES;
				COPY_PHASE_STRIP = NO;
				DEBUG_INFORMATION_FORMAT = "dwarf-with-dsym";
				ENABLE_NS_ASSERTIONS = NO;
				ENABLE_STRICT_OBJC_MSGSEND = YES;
				ENABLE_USER_SCRIPT_SANDBOXING = YES;
				GCC_C_LANGUAGE_STANDARD = gnu17;
				GCC_NO_COMMON_BLOCKS = YES;
				GCC_WARN_64_TO_32_BIT_CONVERSION = YES;
				GCC_WARN_ABOUT_RETURN_TYPE = YES_ERROR;
				GCC_WARN_UNDECLARED_SELECTOR = YES;
				GCC_WARN_UNINITIALIZED_AUTOS = YES_AGGRESSIVE;
				GCC_WARN_UNUSED_FUNCTION = YES;
				GCC_WARN_UNUSED_VARIABLE = YES;
				LOCALIZATION_PREFERS_STRING_CATALOGS = YES;
				MACOSX_DEPLOYMENT_TARGET = 14.0;
				MTL_ENABLE_DEBUG_INFO = NO;
				MTL_FAST_MATH = YES;
				SDKROOT = macosx;
				SWIFT_COMPILATION_MODE = wholemodule;
			};
			name = Release;
		};
		AA20000D300000000000AAAA /* Debug */ = {
			isa = XCBuildConfiguration;
			buildSettings = {
				ASSETCATALOG_COMPILER_APPICON_NAME = AppIcon;
				ASSETCATALOG_COMPILER_GLOBAL_ACCENT_COLOR_NAME = AccentColor;
				CODE_SIGN_ENTITLEMENTS = Skynet/Resources/Skynet.entitlements;
				CODE_SIGN_STYLE = Automatic;
				COMBINE_HIDPI_IMAGES = YES;
				CURRENT_PROJECT_VERSION = 1;
				DEVELOPMENT_TEAM = HWXJKHR66N;
				ENABLE_HARDENED_RUNTIME = YES;
				ENABLE_PREVIEWS = YES;
				GENERATE_INFOPLIST_FILE = YES;
				INFOPLIST_FILE = Skynet/Resources/Info.plist;
				INFOPLIST_KEY_CFBundleDisplayName = Skynet;
				INFOPLIST_KEY_LSApplicationCategoryType = "public.app-category.productivity";
				INFOPLIST_KEY_LSUIElement = YES;
				INFOPLIST_KEY_NSMicrophoneUsageDescription = "Skynet needs microphone access to record your voice for dictation and AI commands.";
				LD_RUNPATH_SEARCH_PATHS = (
					"$(inherited)",
					"@executable_path/../Frameworks",
				);
				MARKETING_VERSION = 1.0;
				PRODUCT_BUNDLE_IDENTIFIER = pavi.Skynet;
				PRODUCT_NAME = "$(TARGET_NAME)";
				SWIFT_APPROACHABLE_CONCURRENCY = YES;
				SWIFT_DEFAULT_ACTOR_ISOLATION = MainActor;
				SWIFT_EMIT_LOC_STRINGS = YES;
				SWIFT_UPCOMING_FEATURE_MEMBER_IMPORT_VISIBILITY = YES;
				SWIFT_VERSION = 5.0;
			};
			name = Debug;
		};
		AA20000E300000000000AAAA /* Release */ = {
			isa = XCBuildConfiguration;
			buildSettings = {
				ASSETCATALOG_COMPILER_APPICON_NAME = AppIcon;
				ASSETCATALOG_COMPILER_GLOBAL_ACCENT_COLOR_NAME = AccentColor;
				CODE_SIGN_ENTITLEMENTS = Skynet/Resources/Skynet.entitlements;
				CODE_SIGN_STYLE = Automatic;
				COMBINE_HIDPI_IMAGES = YES;
				CURRENT_PROJECT_VERSION = 1;
				DEVELOPMENT_TEAM = HWXJKHR66N;
				ENABLE_HARDENED_RUNTIME = YES;
				ENABLE_PREVIEWS = YES;
				GENERATE_INFOPLIST_FILE = YES;
				INFOPLIST_FILE = Skynet/Resources/Info.plist;
				INFOPLIST_KEY_CFBundleDisplayName = Skynet;
				INFOPLIST_KEY_LSApplicationCategoryType = "public.app-category.productivity";
				INFOPLIST_KEY_LSUIElement = YES;
				INFOPLIST_KEY_NSMicrophoneUsageDescription = "Skynet needs microphone access to record your voice for dictation and AI commands.";
				LD_RUNPATH_SEARCH_PATHS = (
					"$(inherited)",
					"@executable_path/../Frameworks",
				);
				MARKETING_VERSION = 1.0;
				PRODUCT_BUNDLE_IDENTIFIER = pavi.Skynet;
				PRODUCT_NAME = "$(TARGET_NAME)";
				SWIFT_APPROACHABLE_CONCURRENCY = YES;
				SWIFT_DEFAULT_ACTOR_ISOLATION = MainActor;
				SWIFT_EMIT_LOC_STRINGS = YES;
				SWIFT_UPCOMING_FEATURE_MEMBER_IMPORT_VISIBILITY = YES;
				SWIFT_VERSION = 5.0;
			};
			name = Release;
		};
		AA200109300000000000AAAA /* Debug */ = {
			isa = XCBuildConfiguration;
			buildSettings = {
				BUNDLE_LOADER = "$(TEST_HOST)";
				CODE_SIGN_STYLE = Automatic;
				CURRENT_PROJECT_VERSION = 1;
				DEVELOPMENT_TEAM = HWXJKHR66N;
				GENERATE_INFOPLIST_FILE = YES;
				MACOSX_DEPLOYMENT_TARGET = 14.0;
				MARKETING_VERSION = 1.0;
				PRODUCT_BUNDLE_IDENTIFIER = pavi.SkynetTests;
				PRODUCT_NAME = "$(TARGET_NAME)";
				SDKROOT = macosx;
				SWIFT_EMIT_LOC_STRINGS = NO;
				SWIFT_VERSION = 5.0;
				TEST_HOST = "$(BUILT_PRODUCTS_DIR)/Skynet.app/Contents/MacOS/Skynet";
			};
			name = Debug;
		};
		AA20010A300000000000AAAA /* Release */ = {
			isa = XCBuildConfiguration;
			buildSettings = {
				BUNDLE_LOADER = "$(TEST_HOST)";
				CODE_SIGN_STYLE = Automatic;
				CURRENT_PROJECT_VERSION = 1;
				DEVELOPMENT_TEAM = HWXJKHR66N;
				GENERATE_INFOPLIST_FILE = YES;
				MACOSX_DEPLOYMENT_TARGET = 14.0;
				MARKETING_VERSION = 1.0;
				PRODUCT_BUNDLE_IDENTIFIER = pavi.SkynetTests;
				PRODUCT_NAME = "$(TARGET_NAME)";
				SDKROOT = macosx;
				SWIFT_EMIT_LOC_STRINGS = NO;
				SWIFT_VERSION = 5.0;
				TEST_HOST = "$(BUILT_PRODUCTS_DIR)/Skynet.app/Contents/MacOS/Skynet";
			};
			name = Release;
		};
/* End XCBuildConfiguration section */

/* Begin XCConfigurationList section */
		5FD96A112F958FE7004D42EF /* Build configuration list for PBXNativeTarget "SkynetWidgetExtensionExtension" */ = {
			isa = XCConfigurationList;
			buildConfigurations = (
				5FD96A122F958FE7004D42EF /* Debug */,
				5FD96A132F958FE7004D42EF /* Release */,
			);
			defaultConfigurationIsVisible = 0;
			defaultConfigurationName = Release;
		};
		AA20000A300000000000AAAA /* Build configuration list for PBXProject "Skynet" */ = {
			isa = XCConfigurationList;
			buildConfigurations = (
				AA20000B300000000000AAAA /* Debug */,
				AA20000C300000000000AAAA /* Release */,
			);
			defaultConfigurationIsVisible = 0;
			defaultConfigurationName = Release;
		};
		AA200010300000000000AAAA /* Build configuration list for PBXNativeTarget "Skynet" */ = {
			isa = XCConfigurationList;
			buildConfigurations = (
				AA20000D300000000000AAAA /* Debug */,
				AA20000E300000000000AAAA /* Release */,
			);
			defaultConfigurationIsVisible = 0;
			defaultConfigurationName = Release;
		};
		AA20010B300000000000AAAA /* Build configuration list for PBXNativeTarget "SkynetTests" */ = {
			isa = XCConfigurationList;
			buildConfigurations = (
				AA200109300000000000AAAA /* Debug */,
				AA20010A300000000000AAAA /* Release */,
			);
			defaultConfigurationIsVisible = 0;
			defaultConfigurationName = Release;
		};
/* End XCConfigurationList section */

/* Begin XCRemoteSwiftPackageReference section */
		5FD967882F95320C004D42EF /* XCRemoteSwiftPackageReference "WhisperKit" */ = {
			isa = XCRemoteSwiftPackageReference;
			repositoryURL = "https://github.com/argmaxinc/WhisperKit.git";
			requirement = {
				kind = upToNextMajorVersion;
				minimumVersion = 0.9.0;
			};
		};
		AA20001F300000000000AAAA /* XCRemoteSwiftPackageReference "HotKey" */ = {
			isa = XCRemoteSwiftPackageReference;
			repositoryURL = "https://github.com/soffes/HotKey";
			requirement = {
				kind = upToNextMajorVersion;
				minimumVersion = 0.2.1;
			};
		};
/* End XCRemoteSwiftPackageReference section */

/* Begin XCSwiftPackageProductDependency section */
		5FD9678A2F95345C004D42EF /* WhisperKit */ = {
			isa = XCSwiftPackageProductDependency;
			package = 5FD967882F95320C004D42EF /* XCRemoteSwiftPackageReference "WhisperKit" */;
			productName = WhisperKit;
		};
		AA200020300000000000AAAA /* HotKey */ = {
			isa = XCSwiftPackageProductDependency;
			package = AA20001F300000000000AAAA /* XCRemoteSwiftPackageReference "HotKey" */;
			productName = HotKey;
		};
/* End XCSwiftPackageProductDependency section */
	};
	rootObject = AA200009300000000000AAAA /* Project object */;
}
